
Microsoft Visual Studio Solution File, Format Version 12.00
# Visual Studio Version 16
VisualStudioVersion = 16.0.31105.61
MinimumVisualStudioVersion = 10.0.40219.1
Project("{FAE04EC0-301F-11D3-BF4B-00C04F79EFBC}") = "Correios.Pacotes.Exemplos", "Correios.Pacotes.Exemplos.csproj", "{2B11AD1B-F5BC-4CC1-BFFE-157303973274}"
EndProject
Project("{9A19103F-16F7-4668-BE54-9A1E7A4F7556}") = "Correios.Pacotes", "..\..\Correios.Pacotes\Correios.Pacotes.csproj", "{DA8672ED-50EF-4977-BE93-A42C3826D092}"
EndProject
Global
	GlobalSection(SolutionConfigurationPlatforms) = preSolution
		Debug|Any CPU = Debug|Any CPU
		Release|Any CPU = Release|Any CPU
	EndGlobalSection
	GlobalSection(ProjectConfigurationPlatforms) = postSolution
		{2B11AD1B-F5BC-4CC1-BFFE-157303973274}.Debug|Any CPU.ActiveCfg = Debug|Any CPU
		{2B11AD1B-F5BC-4CC1-BFFE-157303973274}.Debug|Any CPU.Build.0 = Debug|Any CPU
		{2B11AD1B-F5BC-4CC1-BFFE-157303973274}.Release|Any CPU.ActiveCfg = Release|Any CPU
		{2B11AD1B-F5BC-4CC1-BFFE-157303973274}.Release|Any CPU.Build.0 = Release|Any CPU
		{DA8672ED-50EF-4977-BE93-A42C3826D092}.Debug|Any CPU.ActiveCfg = Debug|Any CPU
		{DA8672ED-50EF-4977-BE93-A42C3826D092}.Debug|Any CPU.Build.0 = Debug|Any CPU
		{DA8672ED-50EF-4977-BE93-A42C3826D092}.Release|Any CPU.ActiveCfg = Release|Any CPU
		{DA8672ED-50EF-4977-BE93-A42C3826D092}.Release|Any CPU.Build.0 = Release|Any CPU
	EndGlobalSection
	GlobalSection(SolutionProperties) = preSolution
		HideSolutionNode = FALSE
	EndGlobalSection
	GlobalSection(ExtensibilityGlobals) = postSolution
		SolutionGuid = {38435010-BF65-4AA7-B046-02B6E33987F7}
	EndGlobalSection
EndGlobal
